
Microsoft Visual Studio Solution File, Format Version 12.00
# Visual Studio Version 17
VisualStudioVersion = 17.9.34622.214
MinimumVisualStudioVersion = 10.0.40219.1
Project("{FAE04EC0-301F-11D3-BF4B-00C04F79EFBC}") = "NguyenThanhThu", "NguyenThanhThu\NguyenThanhThu.csproj", "{5BB606C8-01EB-4FFE-801E-3E66B89BD835}"
EndProject
Global
	GlobalSection(SolutionConfigurationPlatforms) = preSolution
		Debug|Any CPU = Debug|Any CPU
		Release|Any CPU = Release|Any CPU
	EndGlobalSection
	GlobalSection(ProjectConfigurationPlatforms) = postSolution
		{5BB606C8-01EB-4FFE-801E-3E66B89BD835}.Debug|Any CPU.ActiveCfg = Debug|Any CPU
		{5BB606C8-01EB-4FFE-801E-3E66B89BD835}.Debug|Any CPU.Build.0 = Debug|Any CPU
		{5BB606C8-01EB-4FFE-801E-3E66B89BD835}.Release|Any CPU.ActiveCfg = Release|Any CPU
		{5BB606C8-01EB-4FFE-801E-3E66B89BD835}.Release|Any CPU.Build.0 = Release|Any CPU
	EndGlobalSection
	GlobalSection(SolutionProperties) = preSolution
		HideSolutionNode = FALSE
	EndGlobalSection
	GlobalSection(ExtensibilityGlobals) = postSolution
		SolutionGuid = {14BBB6B9-A37B-4576-B965-355DA7BB8886}
	EndGlobalSection
EndGlobal
